
Microsoft Visual Studio Solution File, Format Version 12.00
# Visual Studio Version 17
VisualStudioVersion = 17.12.35527.113 d17.12
MinimumVisualStudioVersion = 10.0.40219.1
Project("{FAE04EC0-301F-11D3-BF4B-00C04F79EFBC}") = "MiWebApi", "MiWebApi.csproj", "{D6BBC335-11B8-48DF-9194-53F4B4FE9820}"
EndProject
Global
	GlobalSection(SolutionConfigurationPlatforms) = preSolution
		Debug|Any CPU = Debug|Any CPU
		Release|Any CPU = Release|Any CPU
	EndGlobalSection
	GlobalSection(ProjectConfigurationPlatforms) = postSolution
		{D6BBC335-11B8-48DF-9194-53F4B4FE9820}.Debug|Any CPU.ActiveCfg = Debug|Any CPU
		{D6BBC335-11B8-48DF-9194-53F4B4FE9820}.Debug|Any CPU.Build.0 = Debug|Any CPU
		{D6BBC335-11B8-48DF-9194-53F4B4FE9820}.Release|Any CPU.ActiveCfg = Release|Any CPU
		{D6BBC335-11B8-48DF-9194-53F4B4FE9820}.Release|Any CPU.Build.0 = Release|Any CPU
	EndGlobalSection
	GlobalSection(SolutionProperties) = preSolution
		HideSolutionNode = FALSE
	EndGlobalSection
EndGlobal
